
Microsoft Visual Studio Solution File, Format Version 12.00
# Visual Studio 2013
VisualStudioVersion = 12.0.21005.1
MinimumVisualStudioVersion = 10.0.40219.1
Project("{FAE04EC0-301F-11D3-BF4B-00C04F79EFBC}") = "Utils", "Utils\Utils.csproj", "{EC7586E5-050F-4EC6-A3EE-2CF291C61CF3}"
EndProject
Project("{FAE04EC0-301F-11D3-BF4B-00C04F79EFBC}") = "Utils.Test", "Utils.Test\Utils.Test.csproj", "{60B19883-0519-408B-B3B4-D6B2D6ABBD92}"
EndProject
Project("{FAE04EC0-301F-11D3-BF4B-00C04F79EFBC}") = "Web", "Web\Web.csproj", "{4D1B83E1-F73F-4F2D-87C5-00B4E134A269}"
EndProject
Project("{FAE04EC0-301F-11D3-BF4B-00C04F79EFBC}") = "Web.Test", "Web.Test\Web.Test.csproj", "{FEA9E8CC-F60C-48CB-8A02-2EE430E5FD9D}"
EndProject
Project("{FAE04EC0-301F-11D3-BF4B-00C04F79EFBC}") = "Common", "Common\Common.csproj", "{AE9490A6-27F6-42D1-B51E-FB1C318728E8}"
EndProject
Global
	GlobalSection(SolutionConfigurationPlatforms) = preSolution
		Debug|Any CPU = Debug|Any CPU
		Release|Any CPU = Release|Any CPU
	EndGlobalSection
	GlobalSection(ProjectConfigurationPlatforms) = postSolution
		{EC7586E5-050F-4EC6-A3EE-2CF291C61CF3}.Debug|Any CPU.ActiveCfg = Debug|Any CPU
		{EC7586E5-050F-4EC6-A3EE-2CF291C61CF3}.Debug|Any CPU.Build.0 = Debug|Any CPU
		{EC7586E5-050F-4EC6-A3EE-2CF291C61CF3}.Release|Any CPU.ActiveCfg = Release|Any CPU
		{EC7586E5-050F-4EC6-A3EE-2CF291C61CF3}.Release|Any CPU.Build.0 = Release|Any CPU
		{60B19883-0519-408B-B3B4-D6B2D6ABBD92}.Debug|Any CPU.ActiveCfg = Debug|Any CPU
		{60B19883-0519-408B-B3B4-D6B2D6ABBD92}.Debug|Any CPU.Build.0 = Debug|Any CPU
		{60B19883-0519-408B-B3B4-D6B2D6ABBD92}.Release|Any CPU.ActiveCfg = Release|Any CPU
		{60B19883-0519-408B-B3B4-D6B2D6ABBD92}.Release|Any CPU.Build.0 = Release|Any CPU
		{4D1B83E1-F73F-4F2D-87C5-00B4E134A269}.Debug|Any CPU.ActiveCfg = Debug|Any CPU
		{4D1B83E1-F73F-4F2D-87C5-00B4E134A269}.Debug|Any CPU.Build.0 = Debug|Any CPU
		{4D1B83E1-F73F-4F2D-87C5-00B4E134A269}.Release|Any CPU.ActiveCfg = Release|Any CPU
		{4D1B83E1-F73F-4F2D-87C5-00B4E134A269}.Release|Any CPU.Build.0 = Release|Any CPU
		{FEA9E8CC-F60C-48CB-8A02-2EE430E5FD9D}.Debug|Any CPU.ActiveCfg = Debug|Any CPU
		{FEA9E8CC-F60C-48CB-8A02-2EE430E5FD9D}.Debug|Any CPU.Build.0 = Debug|Any CPU
		{FEA9E8CC-F60C-48CB-8A02-2EE430E5FD9D}.Release|Any CPU.ActiveCfg = Release|Any CPU
		{FEA9E8CC-F60C-48CB-8A02-2EE430E5FD9D}.Release|Any CPU.Build.0 = Release|Any CPU
		{AE9490A6-27F6-42D1-B51E-FB1C318728E8}.Debug|Any CPU.ActiveCfg = Debug|Any CPU
		{AE9490A6-27F6-42D1-B51E-FB1C318728E8}.Debug|Any CPU.Build.0 = Debug|Any CPU
		{AE9490A6-27F6-42D1-B51E-FB1C318728E8}.Release|Any CPU.ActiveCfg = Release|Any CPU
		{AE9490A6-27F6-42D1-B51E-FB1C318728E8}.Release|Any CPU.Build.0 = Release|Any CPU
	EndGlobalSection
	GlobalSection(SolutionProperties) = preSolution
		HideSolutionNode = FALSE
	EndGlobalSection
EndGlobal
